// !$*UTF8*$!
{
	archiveVersion = 1;
	classes = {
	};
	objectVersion = 56;
	objects = {

/* Begin PBXBuildFile section */
		7D24D39B2DDAAC6C00EB8E78 /* FactoryKit in Frameworks */ = {isa = PBXBuildFile; productRef = 7D24D39A2DDAAC6C00EB8E78 /* FactoryKit */; };
		7D24D39E2DDAACBA00EB8E78 /* RealmSwift in Frameworks */ = {isa = PBXBuildFile; productRef = 7D24D39D2DDAACBA00EB8E78 /* RealmSwift */; };
		7D24D39F2DDAAF2400EB8E78 /* RealmSwift in Embed Frameworks */ = {isa = PBXBuildFile; productRef = 7D24D39D2DDAACBA00EB8E78 /* RealmSwift */; settings = {ATTRIBUTES = (CodeSignOnCopy, ); }; };
		7DB9EB192DDAABEF00D455F1 /* FirebaseAnalyticsWithoutAdIdSupport in Frameworks */ = {isa = PBXBuildFile; productRef = 7DB9EB182DDAABEF00D455F1 /* FirebaseAnalyticsWithoutAdIdSupport */; };
		7DB9EB1F2DDAAC1200D455F1 /* Alamofire in Frameworks */ = {isa = PBXBuildFile; productRef = 7DB9EB1E2DDAAC1200D455F1 /* Alamofire */; };
		7DE42E302DDAA17C00CDB7AD /* Customer.swift in Sources */ = {isa = PBXBuildFile; fileRef = 7DE42E0D2DDAA17C00CDB7AD /* Customer.swift */; };
		7DE42E312DDAA17C00CDB7AD /* CustomerCardView.swift in Sources */ = {isa = PBXBuildFile; fileRef = 7DE42E0E2DDAA17C00CDB7AD /* CustomerCardView.swift */; };
		7DE42E322DDAA17C00CDB7AD /* CustomerCardViewModel.swift in Sources */ = {isa = PBXBuildFile; fileRef = 7DE42E0F2DDAA17C00CDB7AD /* CustomerCardViewModel.swift */; };
		7DE42E332DDAA17C00CDB7AD /* CustomersCoordinator.swift in Sources */ = {isa = PBXBuildFile; fileRef = 7DE42E102DDAA17C00CDB7AD /* CustomersCoordinator.swift */; };
		7DE42E342DDAA17C00CDB7AD /* CustomersView.swift in Sources */ = {isa = PBXBuildFile; fileRef = 7DE42E112DDAA17C00CDB7AD /* CustomersView.swift */; };
		7DE42E352DDAA17C00CDB7AD /* CustomersViewModel.swift in Sources */ = {isa = PBXBuildFile; fileRef = 7DE42E122DDAA17C00CDB7AD /* CustomersViewModel.swift */; };
		7DE42E362DDAA17C00CDB7AD /* MapView.swift in Sources */ = {isa = PBXBuildFile; fileRef = 7DE42E142DDAA17C00CDB7AD /* MapView.swift */; };
		7DE42E372DDAA17C00CDB7AD /* MapViewModel.swift in Sources */ = {isa = PBXBuildFile; fileRef = 7DE42E152DDAA17C00CDB7AD /* MapViewModel.swift */; };
		7DE42E382DDAA17C00CDB7AD /* RouteMapView.swift in Sources */ = {isa = PBXBuildFile; fileRef = 7DE42E162DDAA17C00CDB7AD /* RouteMapView.swift */; };
		7DE42E392DDAA17C00CDB7AD /* Order.swift in Sources */ = {isa = PBXBuildFile; fileRef = 7DE42E182DDAA17C00CDB7AD /* Order.swift */; };
		7DE42E3A2DDAA17C00CDB7AD /* OrdersCoordinator.swift in Sources */ = {isa = PBXBuildFile; fileRef = 7DE42E192DDAA17C00CDB7AD /* OrdersCoordinator.swift */; };
		7DE42E3B2DDAA17C00CDB7AD /* OrdersView.swift in Sources */ = {isa = PBXBuildFile; fileRef = 7DE42E1A2DDAA17C00CDB7AD /* OrdersView.swift */; };
		7DE42E3C2DDAA17C00CDB7AD /* OrdersViewModel.swift in Sources */ = {isa = PBXBuildFile; fileRef = 7DE42E1B2DDAA17C00CDB7AD /* OrdersViewModel.swift */; };
		7DE42E3D2DDAA17C00CDB7AD /* OrderView.swift in Sources */ = {isa = PBXBuildFile; fileRef = 7DE42E1C2DDAA17C00CDB7AD /* OrderView.swift */; };
		7DE42E3E2DDAA17C00CDB7AD /* OrderViewModel.swift in Sources */ = {isa = PBXBuildFile; fileRef = 7DE42E1D2DDAA17C00CDB7AD /* OrderViewModel.swift */; };
		7DE42E3F2DDAA17C00CDB7AD /* Container+Extension.swift in Sources */ = {isa = PBXBuildFile; fileRef = 7DE42E1F2DDAA17C00CDB7AD /* Container+Extension.swift */; };
		7DE42E402DDAA17C00CDB7AD /* AppManager.swift in Sources */ = {isa = PBXBuildFile; fileRef = 7DE42E202DDAA17C00CDB7AD /* AppManager.swift */; };
		7DE42E412DDAA17C00CDB7AD /* NotificationManager.swift in Sources */ = {isa = PBXBuildFile; fileRef = 7DE42E212DDAA17C00CDB7AD /* NotificationManager.swift */; };
		7DE42E422DDAA17C00CDB7AD /* Repository.swift in Sources */ = {isa = PBXBuildFile; fileRef = 7DE42E222DDAA17C00CDB7AD /* Repository.swift */; };
		7DE42E432DDAA17C00CDB7AD /* RestService.swift in Sources */ = {isa = PBXBuildFile; fileRef = 7DE42E232DDAA17C00CDB7AD /* RestService.swift */; };
		7DE42E442DDAA17C00CDB7AD /* AppConfig.swift in Sources */ = {isa = PBXBuildFile; fileRef = 7DE42E252DDAA17C00CDB7AD /* AppConfig.swift */; };
		7DE42E452DDAA17C00CDB7AD /* Double+Extensions.swift in Sources */ = {isa = PBXBuildFile; fileRef = 7DE42E262DDAA17C00CDB7AD /* Double+Extensions.swift */; };
		7DE42E462DDAA17C00CDB7AD /* ImageView.swift in Sources */ = {isa = PBXBuildFile; fileRef = 7DE42E272DDAA17C00CDB7AD /* ImageView.swift */; };
		7DE42E472DDAA17C00CDB7AD /* ContentView.swift in Sources */ = {isa = PBXBuildFile; fileRef = 7DE42E2A2DDAA17C00CDB7AD /* ContentView.swift */; };
		7DE42E482DDAA17C00CDB7AD /* ordersApp.swift in Sources */ = {isa = PBXBuildFile; fileRef = 7DE42E2E2DDAA17C00CDB7AD /* ordersApp.swift */; };
		7DE42E492DDAA17C00CDB7AD /* Assets.xcassets in Resources */ = {isa = PBXBuildFile; fileRef = 7DE42E292DDAA17C00CDB7AD /* Assets.xcassets */; };
		7DE42E4A2DDAA17C00CDB7AD /* GoogleService-Info.plist in Resources */ = {isa = PBXBuildFile; fileRef = 7DE42E2B2DDAA17C00CDB7AD /* GoogleService-Info.plist */; };
		7DE42E4C2DDAA17C00CDB7AD /* LaunchScreen.storyboard in Resources */ = {isa = PBXBuildFile; fileRef = 7DE42E2D2DDAA17C00CDB7AD /* LaunchScreen.storyboard */; };
		7DE42E552DDAA1EE00CDB7AD /* ordersTests.swift in Sources */ = {isa = PBXBuildFile; fileRef = 7DE42E532DDAA1EE00CDB7AD /* ordersTests.swift */; };
		7DE42E592DDAA1F100CDB7AD /* ordersUITests.swift in Sources */ = {isa = PBXBuildFile; fileRef = 7DE42E562DDAA1F100CDB7AD /* ordersUITests.swift */; };
		7DE42E5A2DDAA1F100CDB7AD /* ordersUITestsLaunchTests.swift in Sources */ = {isa = PBXBuildFile; fileRef = 7DE42E572DDAA1F100CDB7AD /* ordersUITestsLaunchTests.swift */; };
/* End PBXBuildFile section */

/* Begin PBXContainerItemProxy section */
		7DD408F12DD5F71E0041719C /* PBXContainerItemProxy */ = {
			isa = PBXContainerItemProxy;
			containerPortal = 7DD408DB2DD5F71C0041719C /* Project object */;
			proxyType = 1;
			remoteGlobalIDString = 7DD408E22DD5F71C0041719C;
			remoteInfo = orders;
		};
		7DD408FB2DD5F71E0041719C /* PBXContainerItemProxy */ = {
			isa = PBXContainerItemProxy;
			containerPortal = 7DD408DB2DD5F71C0041719C /* Project object */;
			proxyType = 1;
			remoteGlobalIDString = 7DD408E22DD5F71C0041719C;
			remoteInfo = orders;
		};
/* End PBXContainerItemProxy section */

/* Begin PBXCopyFilesBuildPhase section */
		7DD40BE12DD8F65B0041719C /* Embed Frameworks */ = {
			isa = PBXCopyFilesBuildPhase;
			buildActionMask = 2147483647;
			dstPath = "";
			dstSubfolderSpec = 10;
			files = (
				7D24D39F2DDAAF2400EB8E78 /* RealmSwift in Embed Frameworks */,
			);
			name = "Embed Frameworks";
			runOnlyForDeploymentPostprocessing = 0;
		};
/* End PBXCopyFilesBuildPhase section */

/* Begin PBXFileReference section */
		7DD408E32DD5F71C0041719C /* orders.app */ = {isa = PBXFileReference; explicitFileType = wrapper.application; includeInIndex = 0; path = orders.app; sourceTree = BUILT_PRODUCTS_DIR; };
		7DD408F02DD5F71E0041719C /* ordersTests.xctest */ = {isa = PBXFileReference; explicitFileType = wrapper.cfbundle; includeInIndex = 0; path = ordersTests.xctest; sourceTree = BUILT_PRODUCTS_DIR; };
		7DD408FA2DD5F71E0041719C /* ordersUITests.xctest */ = {isa = PBXFileReference; explicitFileType = wrapper.cfbundle; includeInIndex = 0; path = ordersUITests.xctest; sourceTree = BUILT_PRODUCTS_DIR; };
		7DE42E0D2DDAA17C00CDB7AD /* Customer.swift */ = {isa = PBXFileReference; lastKnownFileType = sourcecode.swift; path = Customer.swift; sourceTree = "<group>"; };
		7DE42E0E2DDAA17C00CDB7AD /* CustomerCardView.swift */ = {isa = PBXFileReference; lastKnownFileType = sourcecode.swift; path = CustomerCardView.swift; sourceTree = "<group>"; };
		7DE42E0F2DDAA17C00CDB7AD /* CustomerCardViewModel.swift */ = {isa = PBXFileReference; lastKnownFileType = sourcecode.swift; path = CustomerCardViewModel.swift; sourceTree = "<group>"; };
		7DE42E102DDAA17C00CDB7AD /* CustomersCoordinator.swift */ = {isa = PBXFileReference; lastKnownFileType = sourcecode.swift; path = CustomersCoordinator.swift; sourceTree = "<group>"; };
		7DE42E112DDAA17C00CDB7AD /* CustomersView.swift */ = {isa = PBXFileReference; lastKnownFileType = sourcecode.swift; path = CustomersView.swift; sourceTree = "<group>"; };
		7DE42E122DDAA17C00CDB7AD /* CustomersViewModel.swift */ = {isa = PBXFileReference; lastKnownFileType = sourcecode.swift; path = CustomersViewModel.swift; sourceTree = "<group>"; };
		7DE42E142DDAA17C00CDB7AD /* MapView.swift */ = {isa = PBXFileReference; lastKnownFileType = sourcecode.swift; path = MapView.swift; sourceTree = "<group>"; };
		7DE42E152DDAA17C00CDB7AD /* MapViewModel.swift */ = {isa = PBXFileReference; lastKnownFileType = sourcecode.swift; path = MapViewModel.swift; sourceTree = "<group>"; };
		7DE42E162DDAA17C00CDB7AD /* RouteMapView.swift */ = {isa = PBXFileReference; lastKnownFileType = sourcecode.swift; path = RouteMapView.swift; sourceTree = "<group>"; };
		7DE42E182DDAA17C00CDB7AD /* Order.swift */ = {isa = PBXFileReference; lastKnownFileType = sourcecode.swift; path = Order.swift; sourceTree = "<group>"; };
		7DE42E192DDAA17C00CDB7AD /* OrdersCoordinator.swift */ = {isa = PBXFileReference; lastKnownFileType = sourcecode.swift; path = OrdersCoordinator.swift; sourceTree = "<group>"; };
		7DE42E1A2DDAA17C00CDB7AD /* OrdersView.swift */ = {isa = PBXFileReference; lastKnownFileType = sourcecode.swift; path = OrdersView.swift; sourceTree = "<group>"; };
		7DE42E1B2DDAA17C00CDB7AD /* OrdersViewModel.swift */ = {isa = PBXFileReference; lastKnownFileType = sourcecode.swift; path = OrdersViewModel.swift; sourceTree = "<group>"; };
		7DE42E1C2DDAA17C00CDB7AD /* OrderView.swift */ = {isa = PBXFileReference; lastKnownFileType = sourcecode.swift; path = OrderView.swift; sourceTree = "<group>"; };
		7DE42E1D2DDAA17C00CDB7AD /* OrderViewModel.swift */ = {isa = PBXFileReference; lastKnownFileType = sourcecode.swift; path = OrderViewModel.swift; sourceTree = "<group>"; };
		7DE42E1F2DDAA17C00CDB7AD /* Container+Extension.swift */ = {isa = PBXFileReference; lastKnownFileType = sourcecode.swift; path = "Container+Extension.swift"; sourceTree = "<group>"; };
		7DE42E202DDAA17C00CDB7AD /* AppManager.swift */ = {isa = PBXFileReference; lastKnownFileType = sourcecode.swift; path = AppManager.swift; sourceTree = "<group>"; };
		7DE42E212DDAA17C00CDB7AD /* NotificationManager.swift */ = {isa = PBXFileReference; lastKnownFileType = sourcecode.swift; path = NotificationManager.swift; sourceTree = "<group>"; };
		7DE42E222DDAA17C00CDB7AD /* Repository.swift */ = {isa = PBXFileReference; lastKnownFileType = sourcecode.swift; path = Repository.swift; sourceTree = "<group>"; };
		7DE42E232DDAA17C00CDB7AD /* RestService.swift */ = {isa = PBXFileReference; lastKnownFileType = sourcecode.swift; path = RestService.swift; sourceTree = "<group>"; };
		7DE42E252DDAA17C00CDB7AD /* AppConfig.swift */ = {isa = PBXFileReference; lastKnownFileType = sourcecode.swift; path = AppConfig.swift; sourceTree = "<group>"; };
		7DE42E262DDAA17C00CDB7AD /* Double+Extensions.swift */ = {isa = PBXFileReference; lastKnownFileType = sourcecode.swift; path = "Double+Extensions.swift"; sourceTree = "<group>"; };
		7DE42E272DDAA17C00CDB7AD /* ImageView.swift */ = {isa = PBXFileReference; lastKnownFileType = sourcecode.swift; path = ImageView.swift; sourceTree = "<group>"; };
		7DE42E292DDAA17C00CDB7AD /* Assets.xcassets */ = {isa = PBXFileReference; lastKnownFileType = folder.assetcatalog; path = Assets.xcassets; sourceTree = "<group>"; };
		7DE42E2A2DDAA17C00CDB7AD /* ContentView.swift */ = {isa = PBXFileReference; lastKnownFileType = sourcecode.swift; path = ContentView.swift; sourceTree = "<group>"; };
		7DE42E2B2DDAA17C00CDB7AD /* GoogleService-Info.plist */ = {isa = PBXFileReference; lastKnownFileType = text.plist.xml; path = "GoogleService-Info.plist"; sourceTree = "<group>"; };
		7DE42E2C2DDAA17C00CDB7AD /* Info.plist */ = {isa = PBXFileReference; lastKnownFileType = text.plist.xml; path = Info.plist; sourceTree = "<group>"; };
		7DE42E2D2DDAA17C00CDB7AD /* LaunchScreen.storyboard */ = {isa = PBXFileReference; lastKnownFileType = file.storyboard; path = LaunchScreen.storyboard; sourceTree = "<group>"; };
		7DE42E2E2DDAA17C00CDB7AD /* ordersApp.swift */ = {isa = PBXFileReference; lastKnownFileType = sourcecode.swift; path = ordersApp.swift; sourceTree = "<group>"; };
		7DE42E532DDAA1EE00CDB7AD /* ordersTests.swift */ = {isa = PBXFileReference; lastKnownFileType = sourcecode.swift; path = ordersTests.swift; sourceTree = "<group>"; };
		7DE42E562DDAA1F100CDB7AD /* ordersUITests.swift */ = {isa = PBXFileReference; lastKnownFileType = sourcecode.swift; path = ordersUITests.swift; sourceTree = "<group>"; };
		7DE42E572DDAA1F100CDB7AD /* ordersUITestsLaunchTests.swift */ = {isa = PBXFileReference; lastKnownFileType = sourcecode.swift; path = ordersUITestsLaunchTests.swift; sourceTree = "<group>"; };
/* End PBXFileReference section */

/* Begin PBXFrameworksBuildPhase section */
		7DD408E02DD5F71C0041719C /* Frameworks */ = {
			isa = PBXFrameworksBuildPhase;
			buildActionMask = 2147483647;
			files = (
				7DB9EB1F2DDAAC1200D455F1 /* Alamofire in Frameworks */,
				7D24D39B2DDAAC6C00EB8E78 /* FactoryKit in Frameworks */,
				7D24D39E2DDAACBA00EB8E78 /* RealmSwift in Frameworks */,
				7DB9EB192DDAABEF00D455F1 /* FirebaseAnalyticsWithoutAdIdSupport in Frameworks */,
			);
			runOnlyForDeploymentPostprocessing = 0;
		};
		7DD408ED2DD5F71E0041719C /* Frameworks */ = {
			isa = PBXFrameworksBuildPhase;
			buildActionMask = 2147483647;
			files = (
			);
			runOnlyForDeploymentPostprocessing = 0;
		};
		7DD408F72DD5F71E0041719C /* Frameworks */ = {
			isa = PBXFrameworksBuildPhase;
			buildActionMask = 2147483647;
			files = (
			);
			runOnlyForDeploymentPostprocessing = 0;
		};
/* End PBXFrameworksBuildPhase section */

/* Begin PBXGroup section */
		7DD408DA2DD5F71C0041719C = {
			isa = PBXGroup;
			children = (
				7DE42E2F2DDAA17C00CDB7AD /* orders */,
				7DE42E542DDAA1EE00CDB7AD /* ordersTests */,
				7DE42E582DDAA1F100CDB7AD /* ordersUITests */,
				7DD408E42DD5F71C0041719C /* Products */,
				80E1CC0AAF3A6EC884819B86 /* Pods */,
			);
			sourceTree = "<group>";
		};
		7DD408E42DD5F71C0041719C /* Products */ = {
			isa = PBXGroup;
			children = (
				7DD408E32DD5F71C0041719C /* orders.app */,
				7DD408F02DD5F71E0041719C /* ordersTests.xctest */,
				7DD408FA2DD5F71E0041719C /* ordersUITests.xctest */,
			);
			name = Products;
			sourceTree = "<group>";
		};
		7DE42E132DDAA17C00CDB7AD /* Customers */ = {
			isa = PBXGroup;
			children = (
				7DE42E0D2DDAA17C00CDB7AD /* Customer.swift */,
				7DE42E0E2DDAA17C00CDB7AD /* CustomerCardView.swift */,
				7DE42E0F2DDAA17C00CDB7AD /* CustomerCardViewModel.swift */,
				7DE42E102DDAA17C00CDB7AD /* CustomersCoordinator.swift */,
				7DE42E112DDAA17C00CDB7AD /* CustomersView.swift */,
				7DE42E122DDAA17C00CDB7AD /* CustomersViewModel.swift */,
			);
			path = Customers;
			sourceTree = "<group>";
		};
		7DE42E172DDAA17C00CDB7AD /* Map */ = {
			isa = PBXGroup;
			children = (
				7DE42E142DDAA17C00CDB7AD /* MapView.swift */,
				7DE42E152DDAA17C00CDB7AD /* MapViewModel.swift */,
				7DE42E162DDAA17C00CDB7AD /* RouteMapView.swift */,
			);
			path = Map;
			sourceTree = "<group>";
		};
		7DE42E1E2DDAA17C00CDB7AD /* Orders */ = {
			isa = PBXGroup;
			children = (
				7DE42E182DDAA17C00CDB7AD /* Order.swift */,
				7DE42E192DDAA17C00CDB7AD /* OrdersCoordinator.swift */,
				7DE42E1A2DDAA17C00CDB7AD /* OrdersView.swift */,
				7DE42E1B2DDAA17C00CDB7AD /* OrdersViewModel.swift */,
				7DE42E1C2DDAA17C00CDB7AD /* OrderView.swift */,
				7DE42E1D2DDAA17C00CDB7AD /* OrderViewModel.swift */,
			);
			path = Orders;
			sourceTree = "<group>";
		};
		7DE42E242DDAA17C00CDB7AD /* Services */ = {
			isa = PBXGroup;
			children = (
				7DE42E1F2DDAA17C00CDB7AD /* Container+Extension.swift */,
				7DE42E202DDAA17C00CDB7AD /* AppManager.swift */,
				7DE42E212DDAA17C00CDB7AD /* NotificationManager.swift */,
				7DE42E222DDAA17C00CDB7AD /* Repository.swift */,
				7DE42E232DDAA17C00CDB7AD /* RestService.swift */,
			);
			path = Services;
			sourceTree = "<group>";
		};
		7DE42E282DDAA17C00CDB7AD /* Utilities */ = {
			isa = PBXGroup;
			children = (
				7DE42E252DDAA17C00CDB7AD /* AppConfig.swift */,
				7DE42E262DDAA17C00CDB7AD /* Double+Extensions.swift */,
				7DE42E272DDAA17C00CDB7AD /* ImageView.swift */,
			);
			path = Utilities;
			sourceTree = "<group>";
		};
		7DE42E2F2DDAA17C00CDB7AD /* orders */ = {
			isa = PBXGroup;
			children = (
				7DE42E132DDAA17C00CDB7AD /* Customers */,
				7DE42E172DDAA17C00CDB7AD /* Map */,
				7DE42E1E2DDAA17C00CDB7AD /* Orders */,
				7DE42E242DDAA17C00CDB7AD /* Services */,
				7DE42E282DDAA17C00CDB7AD /* Utilities */,
				7DE42E292DDAA17C00CDB7AD /* Assets.xcassets */,
				7DE42E2A2DDAA17C00CDB7AD /* ContentView.swift */,
				7DE42E2B2DDAA17C00CDB7AD /* GoogleService-Info.plist */,
				7DE42E2C2DDAA17C00CDB7AD /* Info.plist */,
				7DE42E2D2DDAA17C00CDB7AD /* LaunchScreen.storyboard */,
				7DE42E2E2DDAA17C00CDB7AD /* ordersApp.swift */,
			);
			path = orders;
			sourceTree = "<group>";
		};
		7DE42E542DDAA1EE00CDB7AD /* ordersTests */ = {
			isa = PBXGroup;
			children = (
				7DE42E532DDAA1EE00CDB7AD /* ordersTests.swift */,
			);
			path = ordersTests;
			sourceTree = "<group>";
		};
		7DE42E582DDAA1F100CDB7AD /* ordersUITests */ = {
			isa = PBXGroup;
			children = (
				7DE42E562DDAA1F100CDB7AD /* ordersUITests.swift */,
				7DE42E572DDAA1F100CDB7AD /* ordersUITestsLaunchTests.swift */,
			);
			path = ordersUITests;
			sourceTree = "<group>";
		};
		80E1CC0AAF3A6EC884819B86 /* Pods */ = {
			isa = PBXGroup;
			children = (
			);
			path = Pods;
			sourceTree = "<group>";
		};
/* End PBXGroup section */

/* Begin PBXNativeTarget section */
		7DD408E22DD5F71C0041719C /* orders */ = {
			isa = PBXNativeTarget;
			buildConfigurationList = 7DD409042DD5F71E0041719C /* Build configuration list for PBXNativeTarget "orders" */;
			buildPhases = (
				7DD408DF2DD5F71C0041719C /* Sources */,
				7DD408E02DD5F71C0041719C /* Frameworks */,
				7DD408E12DD5F71C0041719C /* Resources */,
				7DD40BE12DD8F65B0041719C /* Embed Frameworks */,
			);
			buildRules = (
			);
			dependencies = (
			);
			name = orders;
			packageProductDependencies = (
				7DB9EB182DDAABEF00D455F1 /* FirebaseAnalyticsWithoutAdIdSupport */,
				7DB9EB1E2DDAAC1200D455F1 /* Alamofire */,
				7D24D39A2DDAAC6C00EB8E78 /* FactoryKit */,
				7D24D39D2DDAACBA00EB8E78 /* RealmSwift */,
			);
			productName = orders;
			productReference = 7DD408E32DD5F71C0041719C /* orders.app */;
			productType = "com.apple.product-type.application";
		};
		7DD408EF2DD5F71E0041719C /* ordersTests */ = {
			isa = PBXNativeTarget;
			buildConfigurationList = 7DD409072DD5F71E0041719C /* Build configuration list for PBXNativeTarget "ordersTests" */;
			buildPhases = (
				7DD408EC2DD5F71E0041719C /* Sources */,
				7DD408ED2DD5F71E0041719C /* Frameworks */,
				7DD408EE2DD5F71E0041719C /* Resources */,
			);
			buildRules = (
			);
			dependencies = (
				7DD408F22DD5F71E0041719C /* PBXTargetDependency */,
			);
			name = ordersTests;
			productName = ordersTests;
			productReference = 7DD408F02DD5F71E0041719C /* ordersTests.xctest */;
			productType = "com.apple.product-type.bundle.unit-test";
		};
		7DD408F92DD5F71E0041719C /* ordersUITests */ = {
			isa = PBXNativeTarget;
			buildConfigurationList = 7DD4090A2DD5F71E0041719C /* Build configuration list for PBXNativeTarget "ordersUITests" */;
			buildPhases = (
				7DD408F62DD5F71E0041719C /* Sources */,
				7DD408F72DD5F71E0041719C /* Frameworks */,
				7DD408F82DD5F71E0041719C /* Resources */,
			);
			buildRules = (
			);
			dependencies = (
				7DD408FC2DD5F71E0041719C /* PBXTargetDependency */,
			);
			name = ordersUITests;
			productName = ordersUITests;
			productReference = 7DD408FA2DD5F71E0041719C /* ordersUITests.xctest */;
			productType = "com.apple.product-type.bundle.ui-testing";
		};
/* End PBXNativeTarget section */

/* Begin PBXProject section */
		7DD408DB2DD5F71C0041719C /* Project object */ = {
			isa = PBXProject;
			attributes = {
				BuildIndependentTargetsInParallel = 1;
				LastSwiftUpdateCheck = 1630;
				LastUpgradeCheck = 1630;
				TargetAttributes = {
					7DD408E22DD5F71C0041719C = {
						CreatedOnToolsVersion = 16.3;
					};
					7DD408EF2DD5F71E0041719C = {
						CreatedOnToolsVersion = 16.3;
						TestTargetID = 7DD408E22DD5F71C0041719C;
					};
					7DD408F92DD5F71E0041719C = {
						CreatedOnToolsVersion = 16.3;
						TestTargetID = 7DD408E22DD5F71C0041719C;
					};
				};
			};
			buildConfigurationList = 7DD408DE2DD5F71C0041719C /* Build configuration list for PBXProject "orders" */;
			compatibilityVersion = "Xcode 14.0";
			developmentRegion = en;
			hasScannedForEncodings = 0;
			knownRegions = (
				en,
				Base,
			);
			mainGroup = 7DD408DA2DD5F71C0041719C;
			packageReferences = (
				7DB9EB172DDAABEF00D455F1 /* XCRemoteSwiftPackageReference "firebase-ios-sdk" */,
				7DB9EB1D2DDAAC1200D455F1 /* XCRemoteSwiftPackageReference "Alamofire" */,
				7D24D3992DDAAC6C00EB8E78 /* XCRemoteSwiftPackageReference "Factory" */,
				7D24D39C2DDAACBA00EB8E78 /* XCRemoteSwiftPackageReference "realm-swift" */,
			);
			productRefGroup = 7DD408E42DD5F71C0041719C /* Products */;
			projectDirPath = "";
			projectRoot = "";
			targets = (
				7DD408E22DD5F71C0041719C /* orders */,
				7DD408EF2DD5F71E0041719C /* ordersTests */,
				7DD408F92DD5F71E0041719C /* ordersUITests */,
			);
		};
/* End PBXProject section */

/* Begin PBXResourcesBuildPhase section */
		7DD408E12DD5F71C0041719C /* Resources */ = {
			isa = PBXResourcesBuildPhase;
			buildActionMask = 2147483647;
			files = (
				7DE42E492DDAA17C00CDB7AD /* Assets.xcassets in Resources */,
				7DE42E4A2DDAA17C00CDB7AD /* GoogleService-Info.plist in Resources */,
				7DE42E4C2DDAA17C00CDB7AD /* LaunchScreen.storyboard in Resources */,
			);
			runOnlyForDeploymentPostprocessing = 0;
		};
		7DD408EE2DD5F71E0041719C /* Resources */ = {
			isa = PBXResourcesBuildPhase;
			buildActionMask = 2147483647;
			files = (
			);
			runOnlyForDeploymentPostprocessing = 0;
		};
		7DD408F82DD5F71E0041719C /* Resources */ = {
			isa = PBXResourcesBuildPhase;
			buildActionMask = 2147483647;
			files = (
			);
			runOnlyForDeploymentPostprocessing = 0;
		};
/* End PBXResourcesBuildPhase section */

/* Begin PBXSourcesBuildPhase section */
		7DD408DF2DD5F71C0041719C /* Sources */ = {
			isa = PBXSourcesBuildPhase;
			buildActionMask = 2147483647;
			files = (
				7DE42E302DDAA17C00CDB7AD /* Customer.swift in Sources */,
				7DE42E312DDAA17C00CDB7AD /* CustomerCardView.swift in Sources */,
				7DE42E322DDAA17C00CDB7AD /* CustomerCardViewModel.swift in Sources */,
				7DE42E332DDAA17C00CDB7AD /* CustomersCoordinator.swift in Sources */,
				7DE42E342DDAA17C00CDB7AD /* CustomersView.swift in Sources */,
				7DE42E352DDAA17C00CDB7AD /* CustomersViewModel.swift in Sources */,
				7DE42E362DDAA17C00CDB7AD /* MapView.swift in Sources */,
				7DE42E372DDAA17C00CDB7AD /* MapViewModel.swift in Sources */,
				7DE42E382DDAA17C00CDB7AD /* RouteMapView.swift in Sources */,
				7DE42E392DDAA17C00CDB7AD /* Order.swift in Sources */,
				7DE42E3A2DDAA17C00CDB7AD /* OrdersCoordinator.swift in Sources */,
				7DE42E3B2DDAA17C00CDB7AD /* OrdersView.swift in Sources */,
				7DE42E3C2DDAA17C00CDB7AD /* OrdersViewModel.swift in Sources */,
				7DE42E3D2DDAA17C00CDB7AD /* OrderView.swift in Sources */,
				7DE42E3E2DDAA17C00CDB7AD /* OrderViewModel.swift in Sources */,
				7DE42E3F2DDAA17C00CDB7AD /* Container+Extension.swift in Sources */,
				7DE42E402DDAA17C00CDB7AD /* AppManager.swift in Sources */,
				7DE42E412DDAA17C00CDB7AD /* NotificationManager.swift in Sources */,
				7DE42E422DDAA17C00CDB7AD /* Repository.swift in Sources */,
				7DE42E432DDAA17C00CDB7AD /* RestService.swift in Sources */,
				7DE42E442DDAA17C00CDB7AD /* AppConfig.swift in Sources */,
				7DE42E452DDAA17C00CDB7AD /* Double+Extensions.swift in Sources */,
				7DE42E462DDAA17C00CDB7AD /* ImageView.swift in Sources */,
				7DE42E472DDAA17C00CDB7AD /* ContentView.swift in Sources */,
				7DE42E482DDAA17C00CDB7AD /* ordersApp.swift in Sources */,
			);
			runOnlyForDeploymentPostprocessing = 0;
		};
		7DD408EC2DD5F71E0041719C /* Sources */ = {
			isa = PBXSourcesBuildPhase;
			buildActionMask = 2147483647;
			files = (
				7DE42E552DDAA1EE00CDB7AD /* ordersTests.swift in Sources */,
			);
			runOnlyForDeploymentPostprocessing = 0;
		};
		7DD408F62DD5F71E0041719C /* Sources */ = {
			isa = PBXSourcesBuildPhase;
			buildActionMask = 2147483647;
			files = (
				7DE42E592DDAA1F100CDB7AD /* ordersUITests.swift in Sources */,
				7DE42E5A2DDAA1F100CDB7AD /* ordersUITestsLaunchTests.swift in Sources */,
			);
			runOnlyForDeploymentPostprocessing = 0;
		};
/* End PBXSourcesBuildPhase section */

/* Begin PBXTargetDependency section */
		7DD408F22DD5F71E0041719C /* PBXTargetDependency */ = {
			isa = PBXTargetDependency;
			target = 7DD408E22DD5F71C0041719C /* orders */;
			targetProxy = 7DD408F12DD5F71E0041719C /* PBXContainerItemProxy */;
		};
		7DD408FC2DD5F71E0041719C /* PBXTargetDependency */ = {
			isa = PBXTargetDependency;
			target = 7DD408E22DD5F71C0041719C /* orders */;
			targetProxy = 7DD408FB2DD5F71E0041719C /* PBXContainerItemProxy */;
		};
/* End PBXTargetDependency section */

/* Begin XCBuildConfiguration section */
		7DD409022DD5F71E0041719C /* Debug */ = {
			isa = XCBuildConfiguration;
			buildSettings = {
				ALWAYS_SEARCH_USER_PATHS = NO;
				ASSETCATALOG_COMPILER_GENERATE_SWIFT_ASSET_SYMBOL_EXTENSIONS = YES;
				CLANG_ANALYZER_NONNULL = YES;
				CLANG_ANALYZER_NUMBER_OBJECT_CONVERSION = YES_AGGRESSIVE;
				CLANG_CXX_LANGUAGE_STANDARD = "gnu++20";
				CLANG_ENABLE_MODULES = YES;
				CLANG_ENABLE_OBJC_ARC = YES;
				CLANG_ENABLE_OBJC_WEAK = YES;
				CLANG_WARN_BLOCK_CAPTURE_AUTORELEASING = YES;
				CLANG_WARN_BOOL_CONVERSION = YES;
				CLANG_WARN_COMMA = YES;
				CLANG_WARN_CONSTANT_CONVERSION = YES;
				CLANG_WARN_DEPRECATED_OBJC_IMPLEMENTATIONS = YES;
				CLANG_WARN_DIRECT_OBJC_ISA_USAGE = YES_ERROR;
				CLANG_WARN_DOCUMENTATION_COMMENTS = YES;
				CLANG_WARN_EMPTY_BODY = YES;
				CLANG_WARN_ENUM_CONVERSION = YES;
				CLANG_WARN_INFINITE_RECURSION = YES;
				CLANG_WARN_INT_CONVERSION = YES;
				CLANG_WARN_NON_LITERAL_NULL_CONVERSION = YES;
				CLANG_WARN_OBJC_IMPLICIT_RETAIN_SELF = YES;
				CLANG_WARN_OBJC_LITERAL_CONVERSION = YES;
				CLANG_WARN_OBJC_ROOT_CLASS = YES_ERROR;
				CLANG_WARN_QUOTED_INCLUDE_IN_FRAMEWORK_HEADER = YES;
				CLANG_WARN_RANGE_LOOP_ANALYSIS = YES;
				CLANG_WARN_STRICT_PROTOTYPES = YES;
				CLANG_WARN_SUSPICIOUS_MOVE = YES;
				CLANG_WARN_UNGUARDED_AVAILABILITY = YES_AGGRESSIVE;
				CLANG_WARN_UNREACHABLE_CODE = YES;
				CLANG_WARN__DUPLICATE_METHOD_MATCH = YES;
				COPY_PHASE_STRIP = NO;
				DEBUG_INFORMATION_FORMAT = dwarf;
				DEVELOPMENT_TEAM = Z4ZKMU9A7M;
				ENABLE_STRICT_OBJC_MSGSEND = YES;
				ENABLE_TESTABILITY = YES;
				ENABLE_USER_SCRIPT_SANDBOXING = YES;
				GCC_C_LANGUAGE_STANDARD = gnu17;
				GCC_DYNAMIC_NO_PIC = NO;
				GCC_NO_COMMON_BLOCKS = YES;
				GCC_OPTIMIZATION_LEVEL = 0;
				GCC_PREPROCESSOR_DEFINITIONS = (
					"DEBUG=1",
					"$(inherited)",
				);
				GCC_WARN_64_TO_32_BIT_CONVERSION = YES;
				GCC_WARN_ABOUT_RETURN_TYPE = YES_ERROR;
				GCC_WARN_UNDECLARED_SELECTOR = YES;
				GCC_WARN_UNINITIALIZED_AUTOS = YES_AGGRESSIVE;
				GCC_WARN_UNUSED_FUNCTION = YES;
				GCC_WARN_UNUSED_VARIABLE = YES;
				IPHONEOS_DEPLOYMENT_TARGET = 18.4;
				LOCALIZATION_PREFERS_STRING_CATALOGS = YES;
				MTL_ENABLE_DEBUG_INFO = INCLUDE_SOURCE;
				MTL_FAST_MATH = YES;
				ONLY_ACTIVE_ARCH = YES;
				SDKROOT = iphoneos;
				SWIFT_ACTIVE_COMPILATION_CONDITIONS = "DEBUG $(inherited)";
				SWIFT_OPTIMIZATION_LEVEL = "-Onone";
			};
			name = Debug;
		};
		7DD409032DD5F71E0041719C /* Release */ = {
			isa = XCBuildConfiguration;
			buildSettings = {
				ALWAYS_SEARCH_USER_PATHS = NO;
				ASSETCATALOG_COMPILER_GENERATE_SWIFT_ASSET_SYMBOL_EXTENSIONS = YES;
				CLANG_ANALYZER_NONNULL = YES;
				CLANG_ANALYZER_NUMBER_OBJECT_CONVERSION = YES_AGGRESSIVE;
				CLANG_CXX_LANGUAGE_STANDARD = "gnu++20";
				CLANG_ENABLE_MODULES = YES;
				CLANG_ENABLE_OBJC_ARC = YES;
				CLANG_ENABLE_OBJC_WEAK = YES;
				CLANG_WARN_BLOCK_CAPTURE_AUTORELEASING = YES;
				CLANG_WARN_BOOL_CONVERSION = YES;
				CLANG_WARN_COMMA = YES;
				CLANG_WARN_CONSTANT_CONVERSION = YES;
				CLANG_WARN_DEPRECATED_OBJC_IMPLEMENTATIONS = YES;
				CLANG_WARN_DIRECT_OBJC_ISA_USAGE = YES_ERROR;
				CLANG_WARN_DOCUMENTATION_COMMENTS = YES;
				CLANG_WARN_EMPTY_BODY = YES;
				CLANG_WARN_ENUM_CONVERSION = YES;
				CLANG_WARN_INFINITE_RECURSION = YES;
				CLANG_WARN_INT_CONVERSION = YES;
				CLANG_WARN_NON_LITERAL_NULL_CONVERSION = YES;
				CLANG_WARN_OBJC_IMPLICIT_RETAIN_SELF = YES;
				CLANG_WARN_OBJC_LITERAL_CONVERSION = YES;
				CLANG_WARN_OBJC_ROOT_CLASS = YES_ERROR;
				CLANG_WARN_QUOTED_INCLUDE_IN_FRAMEWORK_HEADER = YES;
				CLANG_WARN_RANGE_LOOP_ANALYSIS = YES;
				CLANG_WARN_STRICT_PROTOTYPES = YES;
				CLANG_WARN_SUSPICIOUS_MOVE = YES;
				CLANG_WARN_UNGUARDED_AVAILABILITY = YES_AGGRESSIVE;
				CLANG_WARN_UNREACHABLE_CODE = YES;
				CLANG_WARN__DUPLICATE_METHOD_MATCH = YES;
				COPY_PHASE_STRIP = NO;
				DEBUG_INFORMATION_FORMAT = "dwarf-with-dsym";
				DEVELOPMENT_TEAM = Z4ZKMU9A7M;
				ENABLE_NS_ASSERTIONS = NO;
				ENABLE_STRICT_OBJC_MSGSEND = YES;
				ENABLE_USER_SCRIPT_SANDBOXING = YES;
				GCC_C_LANGUAGE_STANDARD = gnu17;
				GCC_NO_COMMON_BLOCKS = YES;
				GCC_WARN_64_TO_32_BIT_CONVERSION = YES;
				GCC_WARN_ABOUT_RETURN_TYPE = YES_ERROR;
				GCC_WARN_UNDECLARED_SELECTOR = YES;
				GCC_WARN_UNINITIALIZED_AUTOS = YES_AGGRESSIVE;
				GCC_WARN_UNUSED_FUNCTION = YES;
				GCC_WARN_UNUSED_VARIABLE = YES;
				IPHONEOS_DEPLOYMENT_TARGET = 18.4;
				LOCALIZATION_PREFERS_STRING_CATALOGS = YES;
				MTL_ENABLE_DEBUG_INFO = NO;
				MTL_FAST_MATH = YES;
				SDKROOT = iphoneos;
				SWIFT_COMPILATION_MODE = wholemodule;
				VALIDATE_PRODUCT = YES;
			};
			name = Release;
		};
		7DD409052DD5F71E0041719C /* Debug */ = {
			isa = XCBuildConfiguration;
			buildSettings = {
				ASSETCATALOG_COMPILER_APPICON_NAME = AppIcon;
				ASSETCATALOG_COMPILER_GLOBAL_ACCENT_COLOR_NAME = AccentColor;
				ASSETCATALOG_COMPILER_INCLUDE_ALL_APPICON_ASSETS = NO;
				CODE_SIGN_STYLE = Automatic;
				CURRENT_PROJECT_VERSION = 1;
				DEVELOPMENT_TEAM = Z4ZKMU9A7M;
				ENABLE_PREVIEWS = YES;
				GENERATE_INFOPLIST_FILE = YES;
				INFOPLIST_FILE = orders/Info.plist;
				INFOPLIST_KEY_CFBundleDisplayName = OrdersApp;
				INFOPLIST_KEY_LSApplicationCategoryType = "";
				INFOPLIST_KEY_NSLocationWhenInUseUsageDescription = "This app needs your location to show you on the map.";
				INFOPLIST_KEY_UIApplicationSceneManifest_Generation = YES;
				INFOPLIST_KEY_UIApplicationSupportsIndirectInputEvents = YES;
				INFOPLIST_KEY_UILaunchScreen_Generation = YES;
				INFOPLIST_KEY_UILaunchStoryboardName = LaunchScreen.storyboard;
				INFOPLIST_KEY_UISupportedInterfaceOrientations_iPad = "UIInterfaceOrientationPortrait UIInterfaceOrientationPortraitUpsideDown UIInterfaceOrientationLandscapeLeft UIInterfaceOrientationLandscapeRight";
				INFOPLIST_KEY_UISupportedInterfaceOrientations_iPhone = "UIInterfaceOrientationPortrait UIInterfaceOrientationLandscapeLeft UIInterfaceOrientationLandscapeRight";
				IPHONEOS_DEPLOYMENT_TARGET = 16.6;
				LD_RUNPATH_SEARCH_PATHS = (
					"$(inherited)",
					"@executable_path/Frameworks",
				);
				MARKETING_VERSION = 1.0;
				PRODUCT_BUNDLE_IDENTIFIER = ro.valentina.orders;
				PRODUCT_NAME = "$(TARGET_NAME)";
				SWIFT_EMIT_LOC_STRINGS = YES;
				SWIFT_VERSION = 5.0;
				TARGETED_DEVICE_FAMILY = "1,2";
			};
			name = Debug;
		};
		7DD409062DD5F71E0041719C /* Release */ = {
			isa = XCBuildConfiguration;
			buildSettings = {
				ASSETCATALOG_COMPILER_APPICON_NAME = AppIcon;
				ASSETCATALOG_COMPILER_GLOBAL_ACCENT_COLOR_NAME = AccentColor;
				ASSETCATALOG_COMPILER_INCLUDE_ALL_APPICON_ASSETS = NO;
				CODE_SIGN_STYLE = Automatic;
				CURRENT_PROJECT_VERSION = 1;
				DEVELOPMENT_TEAM = Z4ZKMU9A7M;
				ENABLE_PREVIEWS = YES;
				GENERATE_INFOPLIST_FILE = YES;
				INFOPLIST_FILE = orders/Info.plist;
				INFOPLIST_KEY_CFBundleDisplayName = OrdersApp;
				INFOPLIST_KEY_LSApplicationCategoryType = "";
				INFOPLIST_KEY_NSLocationWhenInUseUsageDescription = "This app needs your location to show you on the map.";
				INFOPLIST_KEY_UIApplicationSceneManifest_Generation = YES;
				INFOPLIST_KEY_UIApplicationSupportsIndirectInputEvents = YES;
				INFOPLIST_KEY_UILaunchScreen_Generation = YES;
				INFOPLIST_KEY_UILaunchStoryboardName = LaunchScreen.storyboard;
				INFOPLIST_KEY_UISupportedInterfaceOrientations_iPad = "UIInterfaceOrientationPortrait UIInterfaceOrientationPortraitUpsideDown UIInterfaceOrientationLandscapeLeft UIInterfaceOrientationLandscapeRight";
				INFOPLIST_KEY_UISupportedInterfaceOrientations_iPhone = "UIInterfaceOrientationPortrait UIInterfaceOrientationLandscapeLeft UIInterfaceOrientationLandscapeRight";
				IPHONEOS_DEPLOYMENT_TARGET = 16.6;
				LD_RUNPATH_SEARCH_PATHS = (
					"$(inherited)",
					"@executable_path/Frameworks",
				);
				MARKETING_VERSION = 1.0;
				PRODUCT_BUNDLE_IDENTIFIER = ro.valentina.orders;
				PRODUCT_NAME = "$(TARGET_NAME)";
				SWIFT_EMIT_LOC_STRINGS = YES;
				SWIFT_VERSION = 5.0;
				TARGETED_DEVICE_FAMILY = "1,2";
			};
			name = Release;
		};
		7DD409082DD5F71E0041719C /* Debug */ = {
			isa = XCBuildConfiguration;
			buildSettings = {
				BUNDLE_LOADER = "$(TEST_HOST)";
				CODE_SIGN_STYLE = Automatic;
				CURRENT_PROJECT_VERSION = 1;
				DEVELOPMENT_TEAM = Z4ZKMU9A7M;
				GENERATE_INFOPLIST_FILE = YES;
				IPHONEOS_DEPLOYMENT_TARGET = 18.4;
				MARKETING_VERSION = 1.0;
				PRODUCT_BUNDLE_IDENTIFIER = ro.valentina.ordersTests;
				PRODUCT_NAME = "$(TARGET_NAME)";
				SWIFT_EMIT_LOC_STRINGS = NO;
				SWIFT_VERSION = 5.0;
				TARGETED_DEVICE_FAMILY = "1,2";
				TEST_HOST = "$(BUILT_PRODUCTS_DIR)/orders.app/$(BUNDLE_EXECUTABLE_FOLDER_PATH)/orders";
			};
			name = Debug;
		};
		7DD409092DD5F71E0041719C /* Release */ = {
			isa = XCBuildConfiguration;
			buildSettings = {
				BUNDLE_LOADER = "$(TEST_HOST)";
				CODE_SIGN_STYLE = Automatic;
				CURRENT_PROJECT_VERSION = 1;
				DEVELOPMENT_TEAM = Z4ZKMU9A7M;
				GENERATE_INFOPLIST_FILE = YES;
				IPHONEOS_DEPLOYMENT_TARGET = 18.4;
				MARKETING_VERSION = 1.0;
				PRODUCT_BUNDLE_IDENTIFIER = ro.valentina.ordersTests;
				PRODUCT_NAME = "$(TARGET_NAME)";
				SWIFT_EMIT_LOC_STRINGS = NO;
				SWIFT_VERSION = 5.0;
				TARGETED_DEVICE_FAMILY = "1,2";
				TEST_HOST = "$(BUILT_PRODUCTS_DIR)/orders.app/$(BUNDLE_EXECUTABLE_FOLDER_PATH)/orders";
			};
			name = Release;
		};
		7DD4090B2DD5F71E0041719C /* Debug */ = {
			isa = XCBuildConfiguration;
			buildSettings = {
				CODE_SIGN_STYLE = Automatic;
				CURRENT_PROJECT_VERSION = 1;
				DEVELOPMENT_TEAM = Z4ZKMU9A7M;
				GENERATE_INFOPLIST_FILE = YES;
				MARKETING_VERSION = 1.0;
				PRODUCT_BUNDLE_IDENTIFIER = ro.valentina.ordersUITests;
				PRODUCT_NAME = "$(TARGET_NAME)";
				SWIFT_EMIT_LOC_STRINGS = NO;
				SWIFT_VERSION = 5.0;
				TARGETED_DEVICE_FAMILY = "1,2";
				TEST_TARGET_NAME = orders;
			};
			name = Debug;
		};
		7DD4090C2DD5F71E0041719C /* Release */ = {
			isa = XCBuildConfiguration;
			buildSettings = {
				CODE_SIGN_STYLE = Automatic;
				CURRENT_PROJECT_VERSION = 1;
				DEVELOPMENT_TEAM = Z4ZKMU9A7M;
				GENERATE_INFOPLIST_FILE = YES;
				MARKETING_VERSION = 1.0;
				PRODUCT_BUNDLE_IDENTIFIER = ro.valentina.ordersUITests;
				PRODUCT_NAME = "$(TARGET_NAME)";
				SWIFT_EMIT_LOC_STRINGS = NO;
				SWIFT_VERSION = 5.0;
				TARGETED_DEVICE_FAMILY = "1,2";
				TEST_TARGET_NAME = orders;
			};
			name = Release;
		};
/* End XCBuildConfiguration section */

/* Begin XCConfigurationList section */
		7DD408DE2DD5F71C0041719C /* Build configuration list for PBXProject "orders" */ = {
			isa = XCConfigurationList;
			buildConfigurations = (
				7DD409022DD5F71E0041719C /* Debug */,
				7DD409032DD5F71E0041719C /* Release */,
			);
			defaultConfigurationIsVisible = 0;
			defaultConfigurationName = Release;
		};
		7DD409042DD5F71E0041719C /* Build configuration list for PBXNativeTarget "orders" */ = {
			isa = XCConfigurationList;
			buildConfigurations = (
				7DD409052DD5F71E0041719C /* Debug */,
				7DD409062DD5F71E0041719C /* Release */,
			);
			defaultConfigurationIsVisible = 0;
			defaultConfigurationName = Release;
		};
		7DD409072DD5F71E0041719C /* Build configuration list for PBXNativeTarget "ordersTests" */ = {
			isa = XCConfigurationList;
			buildConfigurations = (
				7DD409082DD5F71E0041719C /* Debug */,
				7DD409092DD5F71E0041719C /* Release */,
			);
			defaultConfigurationIsVisible = 0;
			defaultConfigurationName = Release;
		};
		7DD4090A2DD5F71E0041719C /* Build configuration list for PBXNativeTarget "ordersUITests" */ = {
			isa = XCConfigurationList;
			buildConfigurations = (
				7DD4090B2DD5F71E0041719C /* Debug */,
				7DD4090C2DD5F71E0041719C /* Release */,
			);
			defaultConfigurationIsVisible = 0;
			defaultConfigurationName = Release;
		};
/* End XCConfigurationList section */

/* Begin XCRemoteSwiftPackageReference section */
		7D24D3992DDAAC6C00EB8E78 /* XCRemoteSwiftPackageReference "Factory" */ = {
			isa = XCRemoteSwiftPackageReference;
			repositoryURL = "https://github.com/hmlongco/Factory.git";
			requirement = {
				kind = upToNextMajorVersion;
				minimumVersion = 2.5.1;
			};
		};
		7D24D39C2DDAACBA00EB8E78 /* XCRemoteSwiftPackageReference "realm-swift" */ = {
			isa = XCRemoteSwiftPackageReference;
			repositoryURL = "https://github.com/realm/realm-swift.git";
			requirement = {
				branch = master;
				kind = branch;
			};
		};
		7DB9EB172DDAABEF00D455F1 /* XCRemoteSwiftPackageReference "firebase-ios-sdk" */ = {
			isa = XCRemoteSwiftPackageReference;
			repositoryURL = "https://github.com/firebase/firebase-ios-sdk";
			requirement = {
				kind = upToNextMajorVersion;
				minimumVersion = 11.12.0;
			};
		};
		7DB9EB1D2DDAAC1200D455F1 /* XCRemoteSwiftPackageReference "Alamofire" */ = {
			isa = XCRemoteSwiftPackageReference;
			repositoryURL = "https://github.com/Alamofire/Alamofire.git";
			requirement = {
				kind = upToNextMajorVersion;
				minimumVersion = 5.10.2;
			};
		};
/* End XCRemoteSwiftPackageReference section */

/* Begin XCSwiftPackageProductDependency section */
		7D24D39A2DDAAC6C00EB8E78 /* FactoryKit */ = {
			isa = XCSwiftPackageProductDependency;
			package = 7D24D3992DDAAC6C00EB8E78 /* XCRemoteSwiftPackageReference "Factory" */;
			productName = FactoryKit;
		};
		7D24D39D2DDAACBA00EB8E78 /* RealmSwift */ = {
			isa = XCSwiftPackageProductDependency;
			package = 7D24D39C2DDAACBA00EB8E78 /* XCRemoteSwiftPackageReference "realm-swift" */;
			productName = RealmSwift;
		};
		7DB9EB182DDAABEF00D455F1 /* FirebaseAnalyticsWithoutAdIdSupport */ = {
			isa = XCSwiftPackageProductDependency;
			package = 7DB9EB172DDAABEF00D455F1 /* XCRemoteSwiftPackageReference "firebase-ios-sdk" */;
			productName = FirebaseAnalyticsWithoutAdIdSupport;
		};
		7DB9EB1E2DDAAC1200D455F1 /* Alamofire */ = {
			isa = XCSwiftPackageProductDependency;
			package = 7DB9EB1D2DDAAC1200D455F1 /* XCRemoteSwiftPackageReference "Alamofire" */;
			productName = Alamofire;
		};
/* End XCSwiftPackageProductDependency section */
	};
	rootObject = 7DD408DB2DD5F71C0041719C /* Project object */;
}
