// !$*UTF8*$!
{
	archiveVersion = 1;
	classes = {
	};
	objectVersion = 77;
	objects = {

/* Begin PBXBuildFile section */
		7DD409182DD68D000041719C /* RealmSwift in Frameworks */ = {isa = PBXBuildFile; productRef = 7DD409172DD68D000041719C /* RealmSwift */; };
		7DD4091B2DD68D410041719C /* Alamofire in Frameworks */ = {isa = PBXBuildFile; productRef = 7DD4091A2DD68D410041719C /* Alamofire */; };
		7DD4092D2DD699F40041719C /* FactoryKit in Frameworks */ = {isa = PBXBuildFile; productRef = 7DD4092C2DD699F40041719C /* FactoryKit */; };
		7DD40BE02DD8F65B0041719C /* RealmSwift in Embed Frameworks */ = {isa = PBXBuildFile; productRef = 7DD409172DD68D000041719C /* RealmSwift */; settings = {ATTRIBUTES = (CodeSignOnCopy, ); }; };
/* End PBXBuildFile section */

/* Begin PBXContainerItemProxy section */
		7DD408F12DD5F71E0041719C /* PBXContainerItemProxy */ = {
			isa = PBXContainerItemProxy;
			containerPortal = 7DD408DB2DD5F71C0041719C /* Project object */;
			proxyType = 1;
			remoteGlobalIDString = 7DD408E22DD5F71C0041719C;
			remoteInfo = orders;
		};
		7DD408FB2DD5F71E0041719C /* PBXContainerItemProxy */ = {
			isa = PBXContainerItemProxy;
			containerPortal = 7DD408DB2DD5F71C0041719C /* Project object */;
			proxyType = 1;
			remoteGlobalIDString = 7DD408E22DD5F71C0041719C;
			remoteInfo = orders;
		};
/* End PBXContainerItemProxy section */

/* Begin PBXCopyFilesBuildPhase section */
		7DD40BE12DD8F65B0041719C /* Embed Frameworks */ = {
			isa = PBXCopyFilesBuildPhase;
			buildActionMask = 2147483647;
			dstPath = "";
			dstSubfolderSpec = 10;
			files = (
				7DD40BE02DD8F65B0041719C /* RealmSwift in Embed Frameworks */,
			);
			name = "Embed Frameworks";
			runOnlyForDeploymentPostprocessing = 0;
		};
/* End PBXCopyFilesBuildPhase section */

/* Begin PBXFileReference section */
		7DD408E32DD5F71C0041719C /* orders.app */ = {isa = PBXFileReference; explicitFileType = wrapper.application; includeInIndex = 0; path = orders.app; sourceTree = BUILT_PRODUCTS_DIR; };
		7DD408F02DD5F71E0041719C /* ordersTests.xctest */ = {isa = PBXFileReference; explicitFileType = wrapper.cfbundle; includeInIndex = 0; path = ordersTests.xctest; sourceTree = BUILT_PRODUCTS_DIR; };
		7DD408FA2DD5F71E0041719C /* ordersUITests.xctest */ = {isa = PBXFileReference; explicitFileType = wrapper.cfbundle; includeInIndex = 0; path = ordersUITests.xctest; sourceTree = BUILT_PRODUCTS_DIR; };
/* End PBXFileReference section */

/* Begin PBXFileSystemSynchronizedBuildFileExceptionSet section */
		7DD40BCB2DD89E820041719C /* Exceptions for "orders" folder in "orders" target */ = {
			isa = PBXFileSystemSynchronizedBuildFileExceptionSet;
			membershipExceptions = (
				Info.plist,
			);
			target = 7DD408E22DD5F71C0041719C /* orders */;
		};
/* End PBXFileSystemSynchronizedBuildFileExceptionSet section */

/* Begin PBXFileSystemSynchronizedRootGroup section */
		7DD408E52DD5F71C0041719C /* orders */ = {
			isa = PBXFileSystemSynchronizedRootGroup;
			exceptions = (
				7DD40BCB2DD89E820041719C /* Exceptions for "orders" folder in "orders" target */,
			);
			path = orders;
			sourceTree = "<group>";
		};
		7DD408F32DD5F71E0041719C /* ordersTests */ = {
			isa = PBXFileSystemSynchronizedRootGroup;
			path = ordersTests;
			sourceTree = "<group>";
		};
		7DD408FD2DD5F71E0041719C /* ordersUITests */ = {
			isa = PBXFileSystemSynchronizedRootGroup;
			path = ordersUITests;
			sourceTree = "<group>";
		};
/* End PBXFileSystemSynchronizedRootGroup section */

/* Begin PBXFrameworksBuildPhase section */
		7DD408E02DD5F71C0041719C /* Frameworks */ = {
			isa = PBXFrameworksBuildPhase;
			buildActionMask = 2147483647;
			files = (
				7DD4092D2DD699F40041719C /* FactoryKit in Frameworks */,
				7DD4091B2DD68D410041719C /* Alamofire in Frameworks */,
				7DD409182DD68D000041719C /* RealmSwift in Frameworks */,
			);
			runOnlyForDeploymentPostprocessing = 0;
		};
		7DD408ED2DD5F71E0041719C /* Frameworks */ = {
			isa = PBXFrameworksBuildPhase;
			buildActionMask = 2147483647;
			files = (
			);
			runOnlyForDeploymentPostprocessing = 0;
		};
		7DD408F72DD5F71E0041719C /* Frameworks */ = {
			isa = PBXFrameworksBuildPhase;
			buildActionMask = 2147483647;
			files = (
			);
			runOnlyForDeploymentPostprocessing = 0;
		};
/* End PBXFrameworksBuildPhase section */

/* Begin PBXGroup section */
		7DD408DA2DD5F71C0041719C = {
			isa = PBXGroup;
			children = (
				7DD408E52DD5F71C0041719C /* orders */,
				7DD408F32DD5F71E0041719C /* ordersTests */,
				7DD408FD2DD5F71E0041719C /* ordersUITests */,
				7DD408E42DD5F71C0041719C /* Products */,
			);
			sourceTree = "<group>";
		};
		7DD408E42DD5F71C0041719C /* Products */ = {
			isa = PBXGroup;
			children = (
				7DD408E32DD5F71C0041719C /* orders.app */,
				7DD408F02DD5F71E0041719C /* ordersTests.xctest */,
				7DD408FA2DD5F71E0041719C /* ordersUITests.xctest */,
			);
			name = Products;
			sourceTree = "<group>";
		};
/* End PBXGroup section */

/* Begin PBXNativeTarget section */
		7DD408E22DD5F71C0041719C /* orders */ = {
			isa = PBXNativeTarget;
			buildConfigurationList = 7DD409042DD5F71E0041719C /* Build configuration list for PBXNativeTarget "orders" */;
			buildPhases = (
				7DD408DF2DD5F71C0041719C /* Sources */,
				7DD408E02DD5F71C0041719C /* Frameworks */,
				7DD408E12DD5F71C0041719C /* Resources */,
				7DD40BE12DD8F65B0041719C /* Embed Frameworks */,
			);
			buildRules = (
			);
			dependencies = (
			);
			fileSystemSynchronizedGroups = (
				7DD408E52DD5F71C0041719C /* orders */,
			);
			name = orders;
			packageProductDependencies = (
				7DD409172DD68D000041719C /* RealmSwift */,
				7DD4091A2DD68D410041719C /* Alamofire */,
				7DD4092C2DD699F40041719C /* FactoryKit */,
			);
			productName = orders;
			productReference = 7DD408E32DD5F71C0041719C /* orders.app */;
			productType = "com.apple.product-type.application";
		};
		7DD408EF2DD5F71E0041719C /* ordersTests */ = {
			isa = PBXNativeTarget;
			buildConfigurationList = 7DD409072DD5F71E0041719C /* Build configuration list for PBXNativeTarget "ordersTests" */;
			buildPhases = (
				7DD408EC2DD5F71E0041719C /* Sources */,
				7DD408ED2DD5F71E0041719C /* Frameworks */,
				7DD408EE2DD5F71E0041719C /* Resources */,
			);
			buildRules = (
			);
			dependencies = (
				7DD408F22DD5F71E0041719C /* PBXTargetDependency */,
			);
			fileSystemSynchronizedGroups = (
				7DD408F32DD5F71E0041719C /* ordersTests */,
			);
			name = ordersTests;
			packageProductDependencies = (
			);
			productName = ordersTests;
			productReference = 7DD408F02DD5F71E0041719C /* ordersTests.xctest */;
			productType = "com.apple.product-type.bundle.unit-test";
		};
		7DD408F92DD5F71E0041719C /* ordersUITests */ = {
			isa = PBXNativeTarget;
			buildConfigurationList = 7DD4090A2DD5F71E0041719C /* Build configuration list for PBXNativeTarget "ordersUITests" */;
			buildPhases = (
				7DD408F62DD5F71E0041719C /* Sources */,
				7DD408F72DD5F71E0041719C /* Frameworks */,
				7DD408F82DD5F71E0041719C /* Resources */,
			);
			buildRules = (
			);
			dependencies = (
				7DD408FC2DD5F71E0041719C /* PBXTargetDependency */,
			);
			fileSystemSynchronizedGroups = (
				7DD408FD2DD5F71E0041719C /* ordersUITests */,
			);
			name = ordersUITests;
			packageProductDependencies = (
			);
			productName = ordersUITests;
			productReference = 7DD408FA2DD5F71E0041719C /* ordersUITests.xctest */;
			productType = "com.apple.product-type.bundle.ui-testing";
		};
/* End PBXNativeTarget section */

/* Begin PBXProject section */
		7DD408DB2DD5F71C0041719C /* Project object */ = {
			isa = PBXProject;
			attributes = {
				BuildIndependentTargetsInParallel = 1;
				LastSwiftUpdateCheck = 1630;
				LastUpgradeCheck = 1630;
				TargetAttributes = {
					7DD408E22DD5F71C0041719C = {
						CreatedOnToolsVersion = 16.3;
					};
					7DD408EF2DD5F71E0041719C = {
						CreatedOnToolsVersion = 16.3;
						TestTargetID = 7DD408E22DD5F71C0041719C;
					};
					7DD408F92DD5F71E0041719C = {
						CreatedOnToolsVersion = 16.3;
						TestTargetID = 7DD408E22DD5F71C0041719C;
					};
				};
			};
			buildConfigurationList = 7DD408DE2DD5F71C0041719C /* Build configuration list for PBXProject "orders" */;
			developmentRegion = en;
			hasScannedForEncodings = 0;
			knownRegions = (
				en,
				Base,
			);
			mainGroup = 7DD408DA2DD5F71C0041719C;
			minimizedProjectReferenceProxies = 1;
			packageReferences = (
				7DD409162DD68D000041719C /* XCRemoteSwiftPackageReference "realm-swift" */,
				7DD409192DD68D410041719C /* XCRemoteSwiftPackageReference "Alamofire" */,
				7DD4092B2DD699F40041719C /* XCRemoteSwiftPackageReference "Factory" */,
			);
			preferredProjectObjectVersion = 77;
			productRefGroup = 7DD408E42DD5F71C0041719C /* Products */;
			projectDirPath = "";
			projectRoot = "";
			targets = (
				7DD408E22DD5F71C0041719C /* orders */,
				7DD408EF2DD5F71E0041719C /* ordersTests */,
				7DD408F92DD5F71E0041719C /* ordersUITests */,
			);
		};
/* End PBXProject section */

/* Begin PBXResourcesBuildPhase section */
		7DD408E12DD5F71C0041719C /* Resources */ = {
			isa = PBXResourcesBuildPhase;
			buildActionMask = 2147483647;
			files = (
			);
			runOnlyForDeploymentPostprocessing = 0;
		};
		7DD408EE2DD5F71E0041719C /* Resources */ = {
			isa = PBXResourcesBuildPhase;
			buildActionMask = 2147483647;
			files = (
			);
			runOnlyForDeploymentPostprocessing = 0;
		};
		7DD408F82DD5F71E0041719C /* Resources */ = {
			isa = PBXResourcesBuildPhase;
			buildActionMask = 2147483647;
			files = (
			);
			runOnlyForDeploymentPostprocessing = 0;
		};
/* End PBXResourcesBuildPhase section */

/* Begin PBXSourcesBuildPhase section */
		7DD408DF2DD5F71C0041719C /* Sources */ = {
			isa = PBXSourcesBuildPhase;
			buildActionMask = 2147483647;
			files = (
			);
			runOnlyForDeploymentPostprocessing = 0;
		};
		7DD408EC2DD5F71E0041719C /* Sources */ = {
			isa = PBXSourcesBuildPhase;
			buildActionMask = 2147483647;
			files = (
			);
			runOnlyForDeploymentPostprocessing = 0;
		};
		7DD408F62DD5F71E0041719C /* Sources */ = {
			isa = PBXSourcesBuildPhase;
			buildActionMask = 2147483647;
			files = (
			);
			runOnlyForDeploymentPostprocessing = 0;
		};
/* End PBXSourcesBuildPhase section */

/* Begin PBXTargetDependency section */
		7DD408F22DD5F71E0041719C /* PBXTargetDependency */ = {
			isa = PBXTargetDependency;
			target = 7DD408E22DD5F71C0041719C /* orders */;
			targetProxy = 7DD408F12DD5F71E0041719C /* PBXContainerItemProxy */;
		};
		7DD408FC2DD5F71E0041719C /* PBXTargetDependency */ = {
			isa = PBXTargetDependency;
			target = 7DD408E22DD5F71C0041719C /* orders */;
			targetProxy = 7DD408FB2DD5F71E0041719C /* PBXContainerItemProxy */;
		};
/* End PBXTargetDependency section */

/* Begin XCBuildConfiguration section */
		7DD409022DD5F71E0041719C /* Debug */ = {
			isa = XCBuildConfiguration;
			buildSettings = {
				ALWAYS_SEARCH_USER_PATHS = NO;
				ASSETCATALOG_COMPILER_GENERATE_SWIFT_ASSET_SYMBOL_EXTENSIONS = YES;
				CLANG_ANALYZER_NONNULL = YES;
				CLANG_ANALYZER_NUMBER_OBJECT_CONVERSION = YES_AGGRESSIVE;
				CLANG_CXX_LANGUAGE_STANDARD = "gnu++20";
				CLANG_ENABLE_MODULES = YES;
				CLANG_ENABLE_OBJC_ARC = YES;
				CLANG_ENABLE_OBJC_WEAK = YES;
				CLANG_WARN_BLOCK_CAPTURE_AUTORELEASING = YES;
				CLANG_WARN_BOOL_CONVERSION = YES;
				CLANG_WARN_COMMA = YES;
				CLANG_WARN_CONSTANT_CONVERSION = YES;
				CLANG_WARN_DEPRECATED_OBJC_IMPLEMENTATIONS = YES;
				CLANG_WARN_DIRECT_OBJC_ISA_USAGE = YES_ERROR;
				CLANG_WARN_DOCUMENTATION_COMMENTS = YES;
				CLANG_WARN_EMPTY_BODY = YES;
				CLANG_WARN_ENUM_CONVERSION = YES;
				CLANG_WARN_INFINITE_RECURSION = YES;
				CLANG_WARN_INT_CONVERSION = YES;
				CLANG_WARN_NON_LITERAL_NULL_CONVERSION = YES;
				CLANG_WARN_OBJC_IMPLICIT_RETAIN_SELF = YES;
				CLANG_WARN_OBJC_LITERAL_CONVERSION = YES;
				CLANG_WARN_OBJC_ROOT_CLASS = YES_ERROR;
				CLANG_WARN_QUOTED_INCLUDE_IN_FRAMEWORK_HEADER = YES;
				CLANG_WARN_RANGE_LOOP_ANALYSIS = YES;
				CLANG_WARN_STRICT_PROTOTYPES = YES;
				CLANG_WARN_SUSPICIOUS_MOVE = YES;
				CLANG_WARN_UNGUARDED_AVAILABILITY = YES_AGGRESSIVE;
				CLANG_WARN_UNREACHABLE_CODE = YES;
				CLANG_WARN__DUPLICATE_METHOD_MATCH = YES;
				COPY_PHASE_STRIP = NO;
				DEBUG_INFORMATION_FORMAT = dwarf;
				DEVELOPMENT_TEAM = Z4ZKMU9A7M;
				ENABLE_STRICT_OBJC_MSGSEND = YES;
				ENABLE_TESTABILITY = YES;
				ENABLE_USER_SCRIPT_SANDBOXING = YES;
				GCC_C_LANGUAGE_STANDARD = gnu17;
				GCC_DYNAMIC_NO_PIC = NO;
				GCC_NO_COMMON_BLOCKS = YES;
				GCC_OPTIMIZATION_LEVEL = 0;
				GCC_PREPROCESSOR_DEFINITIONS = (
					"DEBUG=1",
					"$(inherited)",
				);
				GCC_WARN_64_TO_32_BIT_CONVERSION = YES;
				GCC_WARN_ABOUT_RETURN_TYPE = YES_ERROR;
				GCC_WARN_UNDECLARED_SELECTOR = YES;
				GCC_WARN_UNINITIALIZED_AUTOS = YES_AGGRESSIVE;
				GCC_WARN_UNUSED_FUNCTION = YES;
				GCC_WARN_UNUSED_VARIABLE = YES;
				IPHONEOS_DEPLOYMENT_TARGET = 18.4;
				LOCALIZATION_PREFERS_STRING_CATALOGS = YES;
				MTL_ENABLE_DEBUG_INFO = INCLUDE_SOURCE;
				MTL_FAST_MATH = YES;
				ONLY_ACTIVE_ARCH = YES;
				SDKROOT = iphoneos;
				SWIFT_ACTIVE_COMPILATION_CONDITIONS = "DEBUG $(inherited)";
				SWIFT_OPTIMIZATION_LEVEL = "-Onone";
			};
			name = Debug;
		};
		7DD409032DD5F71E0041719C /* Release */ = {
			isa = XCBuildConfiguration;
			buildSettings = {
				ALWAYS_SEARCH_USER_PATHS = NO;
				ASSETCATALOG_COMPILER_GENERATE_SWIFT_ASSET_SYMBOL_EXTENSIONS = YES;
				CLANG_ANALYZER_NONNULL = YES;
				CLANG_ANALYZER_NUMBER_OBJECT_CONVERSION = YES_AGGRESSIVE;
				CLANG_CXX_LANGUAGE_STANDARD = "gnu++20";
				CLANG_ENABLE_MODULES = YES;
				CLANG_ENABLE_OBJC_ARC = YES;
				CLANG_ENABLE_OBJC_WEAK = YES;
				CLANG_WARN_BLOCK_CAPTURE_AUTORELEASING = YES;
				CLANG_WARN_BOOL_CONVERSION = YES;
				CLANG_WARN_COMMA = YES;
				CLANG_WARN_CONSTANT_CONVERSION = YES;
				CLANG_WARN_DEPRECATED_OBJC_IMPLEMENTATIONS = YES;
				CLANG_WARN_DIRECT_OBJC_ISA_USAGE = YES_ERROR;
				CLANG_WARN_DOCUMENTATION_COMMENTS = YES;
				CLANG_WARN_EMPTY_BODY = YES;
				CLANG_WARN_ENUM_CONVERSION = YES;
				CLANG_WARN_INFINITE_RECURSION = YES;
				CLANG_WARN_INT_CONVERSION = YES;
				CLANG_WARN_NON_LITERAL_NULL_CONVERSION = YES;
				CLANG_WARN_OBJC_IMPLICIT_RETAIN_SELF = YES;
				CLANG_WARN_OBJC_LITERAL_CONVERSION = YES;
				CLANG_WARN_OBJC_ROOT_CLASS = YES_ERROR;
				CLANG_WARN_QUOTED_INCLUDE_IN_FRAMEWORK_HEADER = YES;
				CLANG_WARN_RANGE_LOOP_ANALYSIS = YES;
				CLANG_WARN_STRICT_PROTOTYPES = YES;
				CLANG_WARN_SUSPICIOUS_MOVE = YES;
				CLANG_WARN_UNGUARDED_AVAILABILITY = YES_AGGRESSIVE;
				CLANG_WARN_UNREACHABLE_CODE = YES;
				CLANG_WARN__DUPLICATE_METHOD_MATCH = YES;
				COPY_PHASE_STRIP = NO;
				DEBUG_INFORMATION_FORMAT = "dwarf-with-dsym";
				DEVELOPMENT_TEAM = Z4ZKMU9A7M;
				ENABLE_NS_ASSERTIONS = NO;
				ENABLE_STRICT_OBJC_MSGSEND = YES;
				ENABLE_USER_SCRIPT_SANDBOXING = YES;
				GCC_C_LANGUAGE_STANDARD = gnu17;
				GCC_NO_COMMON_BLOCKS = YES;
				GCC_WARN_64_TO_32_BIT_CONVERSION = YES;
				GCC_WARN_ABOUT_RETURN_TYPE = YES_ERROR;
				GCC_WARN_UNDECLARED_SELECTOR = YES;
				GCC_WARN_UNINITIALIZED_AUTOS = YES_AGGRESSIVE;
				GCC_WARN_UNUSED_FUNCTION = YES;
				GCC_WARN_UNUSED_VARIABLE = YES;
				IPHONEOS_DEPLOYMENT_TARGET = 18.4;
				LOCALIZATION_PREFERS_STRING_CATALOGS = YES;
				MTL_ENABLE_DEBUG_INFO = NO;
				MTL_FAST_MATH = YES;
				SDKROOT = iphoneos;
				SWIFT_COMPILATION_MODE = wholemodule;
				VALIDATE_PRODUCT = YES;
			};
			name = Release;
		};
		7DD409052DD5F71E0041719C /* Debug */ = {
			isa = XCBuildConfiguration;
			buildSettings = {
				ASSETCATALOG_COMPILER_APPICON_NAME = AppIcon;
				ASSETCATALOG_COMPILER_GLOBAL_ACCENT_COLOR_NAME = AccentColor;
				CODE_SIGN_STYLE = Automatic;
				CURRENT_PROJECT_VERSION = 1;
				DEVELOPMENT_TEAM = Z4ZKMU9A7M;
				ENABLE_PREVIEWS = YES;
				GENERATE_INFOPLIST_FILE = YES;
				INFOPLIST_FILE = orders/Info.plist;
				INFOPLIST_KEY_LSApplicationCategoryType = "";
				INFOPLIST_KEY_UIApplicationSceneManifest_Generation = YES;
				INFOPLIST_KEY_UIApplicationSupportsIndirectInputEvents = YES;
				INFOPLIST_KEY_UILaunchScreen_Generation = YES;
				INFOPLIST_KEY_UISupportedInterfaceOrientations_iPad = "UIInterfaceOrientationPortrait UIInterfaceOrientationPortraitUpsideDown UIInterfaceOrientationLandscapeLeft UIInterfaceOrientationLandscapeRight";
				INFOPLIST_KEY_UISupportedInterfaceOrientations_iPhone = "UIInterfaceOrientationPortrait UIInterfaceOrientationLandscapeLeft UIInterfaceOrientationLandscapeRight";
				IPHONEOS_DEPLOYMENT_TARGET = 16.6;
				LD_RUNPATH_SEARCH_PATHS = (
					"$(inherited)",
					"@executable_path/Frameworks",
				);
				MARKETING_VERSION = 1.0;
				PRODUCT_BUNDLE_IDENTIFIER = ro.valentina.orders;
				PRODUCT_NAME = "$(TARGET_NAME)";
				SWIFT_EMIT_LOC_STRINGS = YES;
				SWIFT_VERSION = 5.0;
				TARGETED_DEVICE_FAMILY = "1,2";
			};
			name = Debug;
		};
		7DD409062DD5F71E0041719C /* Release */ = {
			isa = XCBuildConfiguration;
			buildSettings = {
				ASSETCATALOG_COMPILER_APPICON_NAME = AppIcon;
				ASSETCATALOG_COMPILER_GLOBAL_ACCENT_COLOR_NAME = AccentColor;
				CODE_SIGN_STYLE = Automatic;
				CURRENT_PROJECT_VERSION = 1;
				DEVELOPMENT_TEAM = Z4ZKMU9A7M;
				ENABLE_PREVIEWS = YES;
				GENERATE_INFOPLIST_FILE = YES;
				INFOPLIST_FILE = orders/Info.plist;
				INFOPLIST_KEY_LSApplicationCategoryType = "";
				INFOPLIST_KEY_UIApplicationSceneManifest_Generation = YES;
				INFOPLIST_KEY_UIApplicationSupportsIndirectInputEvents = YES;
				INFOPLIST_KEY_UILaunchScreen_Generation = YES;
				INFOPLIST_KEY_UISupportedInterfaceOrientations_iPad = "UIInterfaceOrientationPortrait UIInterfaceOrientationPortraitUpsideDown UIInterfaceOrientationLandscapeLeft UIInterfaceOrientationLandscapeRight";
				INFOPLIST_KEY_UISupportedInterfaceOrientations_iPhone = "UIInterfaceOrientationPortrait UIInterfaceOrientationLandscapeLeft UIInterfaceOrientationLandscapeRight";
				IPHONEOS_DEPLOYMENT_TARGET = 16.6;
				LD_RUNPATH_SEARCH_PATHS = (
					"$(inherited)",
					"@executable_path/Frameworks",
				);
				MARKETING_VERSION = 1.0;
				PRODUCT_BUNDLE_IDENTIFIER = ro.valentina.orders;
				PRODUCT_NAME = "$(TARGET_NAME)";
				SWIFT_EMIT_LOC_STRINGS = YES;
				SWIFT_VERSION = 5.0;
				TARGETED_DEVICE_FAMILY = "1,2";
			};
			name = Release;
		};
		7DD409082DD5F71E0041719C /* Debug */ = {
			isa = XCBuildConfiguration;
			buildSettings = {
				BUNDLE_LOADER = "$(TEST_HOST)";
				CODE_SIGN_STYLE = Automatic;
				CURRENT_PROJECT_VERSION = 1;
				DEVELOPMENT_TEAM = Z4ZKMU9A7M;
				GENERATE_INFOPLIST_FILE = YES;
				IPHONEOS_DEPLOYMENT_TARGET = 18.4;
				MARKETING_VERSION = 1.0;
				PRODUCT_BUNDLE_IDENTIFIER = ro.valentina.ordersTests;
				PRODUCT_NAME = "$(TARGET_NAME)";
				SWIFT_EMIT_LOC_STRINGS = NO;
				SWIFT_VERSION = 5.0;
				TARGETED_DEVICE_FAMILY = "1,2";
				TEST_HOST = "$(BUILT_PRODUCTS_DIR)/orders.app/$(BUNDLE_EXECUTABLE_FOLDER_PATH)/orders";
			};
			name = Debug;
		};
		7DD409092DD5F71E0041719C /* Release */ = {
			isa = XCBuildConfiguration;
			buildSettings = {
				BUNDLE_LOADER = "$(TEST_HOST)";
				CODE_SIGN_STYLE = Automatic;
				CURRENT_PROJECT_VERSION = 1;
				DEVELOPMENT_TEAM = Z4ZKMU9A7M;
				GENERATE_INFOPLIST_FILE = YES;
				IPHONEOS_DEPLOYMENT_TARGET = 18.4;
				MARKETING_VERSION = 1.0;
				PRODUCT_BUNDLE_IDENTIFIER = ro.valentina.ordersTests;
				PRODUCT_NAME = "$(TARGET_NAME)";
				SWIFT_EMIT_LOC_STRINGS = NO;
				SWIFT_VERSION = 5.0;
				TARGETED_DEVICE_FAMILY = "1,2";
				TEST_HOST = "$(BUILT_PRODUCTS_DIR)/orders.app/$(BUNDLE_EXECUTABLE_FOLDER_PATH)/orders";
			};
			name = Release;
		};
		7DD4090B2DD5F71E0041719C /* Debug */ = {
			isa = XCBuildConfiguration;
			buildSettings = {
				CODE_SIGN_STYLE = Automatic;
				CURRENT_PROJECT_VERSION = 1;
				DEVELOPMENT_TEAM = Z4ZKMU9A7M;
				GENERATE_INFOPLIST_FILE = YES;
				MARKETING_VERSION = 1.0;
				PRODUCT_BUNDLE_IDENTIFIER = ro.valentina.ordersUITests;
				PRODUCT_NAME = "$(TARGET_NAME)";
				SWIFT_EMIT_LOC_STRINGS = NO;
				SWIFT_VERSION = 5.0;
				TARGETED_DEVICE_FAMILY = "1,2";
				TEST_TARGET_NAME = orders;
			};
			name = Debug;
		};
		7DD4090C2DD5F71E0041719C /* Release */ = {
			isa = XCBuildConfiguration;
			buildSettings = {
				CODE_SIGN_STYLE = Automatic;
				CURRENT_PROJECT_VERSION = 1;
				DEVELOPMENT_TEAM = Z4ZKMU9A7M;
				GENERATE_INFOPLIST_FILE = YES;
				MARKETING_VERSION = 1.0;
				PRODUCT_BUNDLE_IDENTIFIER = ro.valentina.ordersUITests;
				PRODUCT_NAME = "$(TARGET_NAME)";
				SWIFT_EMIT_LOC_STRINGS = NO;
				SWIFT_VERSION = 5.0;
				TARGETED_DEVICE_FAMILY = "1,2";
				TEST_TARGET_NAME = orders;
			};
			name = Release;
		};
/* End XCBuildConfiguration section */

/* Begin XCConfigurationList section */
		7DD408DE2DD5F71C0041719C /* Build configuration list for PBXProject "orders" */ = {
			isa = XCConfigurationList;
			buildConfigurations = (
				7DD409022DD5F71E0041719C /* Debug */,
				7DD409032DD5F71E0041719C /* Release */,
			);
			defaultConfigurationIsVisible = 0;
			defaultConfigurationName = Release;
		};
		7DD409042DD5F71E0041719C /* Build configuration list for PBXNativeTarget "orders" */ = {
			isa = XCConfigurationList;
			buildConfigurations = (
				7DD409052DD5F71E0041719C /* Debug */,
				7DD409062DD5F71E0041719C /* Release */,
			);
			defaultConfigurationIsVisible = 0;
			defaultConfigurationName = Release;
		};
		7DD409072DD5F71E0041719C /* Build configuration list for PBXNativeTarget "ordersTests" */ = {
			isa = XCConfigurationList;
			buildConfigurations = (
				7DD409082DD5F71E0041719C /* Debug */,
				7DD409092DD5F71E0041719C /* Release */,
			);
			defaultConfigurationIsVisible = 0;
			defaultConfigurationName = Release;
		};
		7DD4090A2DD5F71E0041719C /* Build configuration list for PBXNativeTarget "ordersUITests" */ = {
			isa = XCConfigurationList;
			buildConfigurations = (
				7DD4090B2DD5F71E0041719C /* Debug */,
				7DD4090C2DD5F71E0041719C /* Release */,
			);
			defaultConfigurationIsVisible = 0;
			defaultConfigurationName = Release;
		};
/* End XCConfigurationList section */

/* Begin XCRemoteSwiftPackageReference section */
		7DD409162DD68D000041719C /* XCRemoteSwiftPackageReference "realm-swift" */ = {
			isa = XCRemoteSwiftPackageReference;
			repositoryURL = "https://github.com/realm/realm-swift.git";
			requirement = {
				kind = upToNextMinorVersion;
				minimumVersion = 1.0.0;
			};
		};
		7DD409192DD68D410041719C /* XCRemoteSwiftPackageReference "Alamofire" */ = {
			isa = XCRemoteSwiftPackageReference;
			repositoryURL = "https://github.com/Alamofire/Alamofire.git";
			requirement = {
				kind = upToNextMajorVersion;
				minimumVersion = 5.10.2;
			};
		};
		7DD4092B2DD699F40041719C /* XCRemoteSwiftPackageReference "Factory" */ = {
			isa = XCRemoteSwiftPackageReference;
			repositoryURL = "https://github.com/hmlongco/Factory.git";
			requirement = {
				kind = upToNextMajorVersion;
				minimumVersion = 2.5.0;
			};
		};
/* End XCRemoteSwiftPackageReference section */

/* Begin XCSwiftPackageProductDependency section */
		7DD409172DD68D000041719C /* RealmSwift */ = {
			isa = XCSwiftPackageProductDependency;
			package = 7DD409162DD68D000041719C /* XCRemoteSwiftPackageReference "realm-swift" */;
			productName = RealmSwift;
		};
		7DD4091A2DD68D410041719C /* Alamofire */ = {
			isa = XCSwiftPackageProductDependency;
			package = 7DD409192DD68D410041719C /* XCRemoteSwiftPackageReference "Alamofire" */;
			productName = Alamofire;
		};
		7DD4092C2DD699F40041719C /* FactoryKit */ = {
			isa = XCSwiftPackageProductDependency;
			package = 7DD4092B2DD699F40041719C /* XCRemoteSwiftPackageReference "Factory" */;
			productName = FactoryKit;
		};
/* End XCSwiftPackageProductDependency section */
	};
	rootObject = 7DD408DB2DD5F71C0041719C /* Project object */;
}
